
Microsoft Visual Studio Solution File, Format Version 12.00
# Visual Studio Version 17
VisualStudioVersion = 17.2.32616.157
MinimumVisualStudioVersion = 10.0.40219.1
Project("{FAE04EC0-301F-11D3-BF4B-00C04F79EFBC}") = "DynamicProgramming", "DynamicProgramming.csproj", "{14A28E9F-3BD2-4000-BD69-432985A491AD}"
EndProject
Global
	GlobalSection(SolutionConfigurationPlatforms) = preSolution
		Debug|Any CPU = Debug|Any CPU
		Release|Any CPU = Release|Any CPU
	EndGlobalSection
	GlobalSection(ProjectConfigurationPlatforms) = postSolution
		{14A28E9F-3BD2-4000-BD69-432985A491AD}.Debug|Any CPU.ActiveCfg = Debug|Any CPU
		{14A28E9F-3BD2-4000-BD69-432985A491AD}.Debug|Any CPU.Build.0 = Debug|Any CPU
		{14A28E9F-3BD2-4000-BD69-432985A491AD}.Release|Any CPU.ActiveCfg = Release|Any CPU
		{14A28E9F-3BD2-4000-BD69-432985A491AD}.Release|Any CPU.Build.0 = Release|Any CPU
	EndGlobalSection
	GlobalSection(SolutionProperties) = preSolution
		HideSolutionNode = FALSE
	EndGlobalSection
	GlobalSection(ExtensibilityGlobals) = postSolution
		SolutionGuid = {2EFB2CB3-5451-40C4-9E43-7D07B1C2FAC6}
	EndGlobalSection
EndGlobal
